
Microsoft Visual Studio Solution File, Format Version 12.00
# Visual Studio 15
VisualStudioVersion = 15.0.27130.2027
MinimumVisualStudioVersion = 10.0.40219.1
Project("{9A19103F-16F7-4668-BE54-9A1E7A4F7556}") = "MLaw.Idp.Cosign", "src\MLaw.Idp.Cosign\MLaw.Idp.Cosign.csproj", "{266C5D2A-4824-45EE-AFD6-C59B15425854}"
EndProject
Project("{FAE04EC0-301F-11D3-BF4B-00C04F79EFBC}") = "MLaw.Idp.Cosign.Handler", "src\MLaw.Idp.Cosign.Handler\MLaw.Idp.Cosign.Handler.csproj", "{5CC1C3E4-31DA-4185-A16F-6A35C516A15D}"
EndProject
Global
	GlobalSection(SolutionConfigurationPlatforms) = preSolution
		Debug|Any CPU = Debug|Any CPU
		Release|Any CPU = Release|Any CPU
	EndGlobalSection
	GlobalSection(ProjectConfigurationPlatforms) = postSolution
		{266C5D2A-4824-45EE-AFD6-C59B15425854}.Debug|Any CPU.ActiveCfg = Debug|Any CPU
		{266C5D2A-4824-45EE-AFD6-C59B15425854}.Debug|Any CPU.Build.0 = Debug|Any CPU
		{266C5D2A-4824-45EE-AFD6-C59B15425854}.Release|Any CPU.ActiveCfg = Release|Any CPU
		{266C5D2A-4824-45EE-AFD6-C59B15425854}.Release|Any CPU.Build.0 = Release|Any CPU
		{5CC1C3E4-31DA-4185-A16F-6A35C516A15D}.Debug|Any CPU.ActiveCfg = Debug|Any CPU
		{5CC1C3E4-31DA-4185-A16F-6A35C516A15D}.Debug|Any CPU.Build.0 = Debug|Any CPU
		{5CC1C3E4-31DA-4185-A16F-6A35C516A15D}.Release|Any CPU.ActiveCfg = Release|Any CPU
		{5CC1C3E4-31DA-4185-A16F-6A35C516A15D}.Release|Any CPU.Build.0 = Release|Any CPU
	EndGlobalSection
	GlobalSection(SolutionProperties) = preSolution
		HideSolutionNode = FALSE
	EndGlobalSection
	GlobalSection(ExtensibilityGlobals) = postSolution
		SolutionGuid = {14DDF21B-AA56-471E-BBD7-AA973160C3F0}
	EndGlobalSection
EndGlobal
